
Microsoft Visual Studio Solution File, Format Version 12.00
# Visual Studio Version 17
VisualStudioVersion = 17.10.35013.160
MinimumVisualStudioVersion = 10.0.40219.1
Project("{9A19103F-16F7-4668-BE54-9A1E7A4F7556}") = "TechnicalTaskAPI", "TechnicalTaskAPI\TechnicalTaskAPI.csproj", "{082C20C1-C372-4A15-B531-1F09F4204B07}"
EndProject
Project("{FAE04EC0-301F-11D3-BF4B-00C04F79EFBC}") = "TechnicalTaskAPI.Tests", "TechnicalTaskAPI.Tests\TechnicalTaskAPI.Tests.csproj", "{830501F2-BD4E-4008-B39F-3E5C77002665}"
EndProject
Global
	GlobalSection(SolutionConfigurationPlatforms) = preSolution
		Debug|Any CPU = Debug|Any CPU
		Release|Any CPU = Release|Any CPU
	EndGlobalSection
	GlobalSection(ProjectConfigurationPlatforms) = postSolution
		{082C20C1-C372-4A15-B531-1F09F4204B07}.Debug|Any CPU.ActiveCfg = Debug|Any CPU
		{082C20C1-C372-4A15-B531-1F09F4204B07}.Debug|Any CPU.Build.0 = Debug|Any CPU
		{082C20C1-C372-4A15-B531-1F09F4204B07}.Release|Any CPU.ActiveCfg = Release|Any CPU
		{082C20C1-C372-4A15-B531-1F09F4204B07}.Release|Any CPU.Build.0 = Release|Any CPU
		{830501F2-BD4E-4008-B39F-3E5C77002665}.Debug|Any CPU.ActiveCfg = Debug|Any CPU
		{830501F2-BD4E-4008-B39F-3E5C77002665}.Debug|Any CPU.Build.0 = Debug|Any CPU
		{830501F2-BD4E-4008-B39F-3E5C77002665}.Release|Any CPU.ActiveCfg = Release|Any CPU
		{830501F2-BD4E-4008-B39F-3E5C77002665}.Release|Any CPU.Build.0 = Release|Any CPU
	EndGlobalSection
	GlobalSection(SolutionProperties) = preSolution
		HideSolutionNode = FALSE
	EndGlobalSection
	GlobalSection(ExtensibilityGlobals) = postSolution
		SolutionGuid = {7B0C82F3-487D-4821-BF69-A03A470DD734}
	EndGlobalSection
EndGlobal
